
Microsoft Visual Studio Solution File, Format Version 12.00
# Visual Studio Version 17
VisualStudioVersion = 17.2.32526.322
MinimumVisualStudioVersion = 10.0.40219.1
Project("{9A19103F-16F7-4668-BE54-9A1E7A4F7556}") = "Api", "Api\Api.csproj", "{A6192BC2-3A0E-41BB-B6B7-BA6B82F47AA4}"
EndProject
Project("{9A19103F-16F7-4668-BE54-9A1E7A4F7556}") = "Data", "Data\Data.csproj", "{26F113E4-EE4B-4F44-AEE5-027477C7A542}"
EndProject
Project("{9A19103F-16F7-4668-BE54-9A1E7A4F7556}") = "Services", "Services\Services.csproj", "{0A7C9F38-E2F2-4330-926F-8C4643624593}"
EndProject
Project("{9A19103F-16F7-4668-BE54-9A1E7A4F7556}") = "Core", "Core\Core.csproj", "{7872BA89-B5B2-4CC0-A341-5F90D954E1BC}"
EndProject
Project("{9A19103F-16F7-4668-BE54-9A1E7A4F7556}") = "BusquedaCE.Tests", "BusquedaCE.Tests\BusquedaCE.Tests.csproj", "{64DA6648-46B4-43D0-B206-2CD5E53C91DD}"
EndProject
Project("{2150E333-8FDC-42A3-9474-1A3956D46DE8}") = "Solution Items", "Solution Items", "{1768F797-93FD-41DA-AEC3-B91191D087F4}"
	ProjectSection(SolutionItems) = preProject
		.editorconfig = .editorconfig
	EndProjectSection
EndProject
Global
	GlobalSection(SolutionConfigurationPlatforms) = preSolution
		Debug|Any CPU = Debug|Any CPU
		Release|Any CPU = Release|Any CPU
	EndGlobalSection
	GlobalSection(ProjectConfigurationPlatforms) = postSolution
		{A6192BC2-3A0E-41BB-B6B7-BA6B82F47AA4}.Debug|Any CPU.ActiveCfg = Debug|Any CPU
		{A6192BC2-3A0E-41BB-B6B7-BA6B82F47AA4}.Debug|Any CPU.Build.0 = Debug|Any CPU
		{A6192BC2-3A0E-41BB-B6B7-BA6B82F47AA4}.Release|Any CPU.ActiveCfg = Release|Any CPU
		{A6192BC2-3A0E-41BB-B6B7-BA6B82F47AA4}.Release|Any CPU.Build.0 = Release|Any CPU
		{26F113E4-EE4B-4F44-AEE5-027477C7A542}.Debug|Any CPU.ActiveCfg = Debug|Any CPU
		{26F113E4-EE4B-4F44-AEE5-027477C7A542}.Debug|Any CPU.Build.0 = Debug|Any CPU
		{26F113E4-EE4B-4F44-AEE5-027477C7A542}.Release|Any CPU.ActiveCfg = Release|Any CPU
		{26F113E4-EE4B-4F44-AEE5-027477C7A542}.Release|Any CPU.Build.0 = Release|Any CPU
		{0A7C9F38-E2F2-4330-926F-8C4643624593}.Debug|Any CPU.ActiveCfg = Debug|Any CPU
		{0A7C9F38-E2F2-4330-926F-8C4643624593}.Debug|Any CPU.Build.0 = Debug|Any CPU
		{0A7C9F38-E2F2-4330-926F-8C4643624593}.Release|Any CPU.ActiveCfg = Release|Any CPU
		{0A7C9F38-E2F2-4330-926F-8C4643624593}.Release|Any CPU.Build.0 = Release|Any CPU
		{7872BA89-B5B2-4CC0-A341-5F90D954E1BC}.Debug|Any CPU.ActiveCfg = Debug|Any CPU
		{7872BA89-B5B2-4CC0-A341-5F90D954E1BC}.Debug|Any CPU.Build.0 = Debug|Any CPU
		{7872BA89-B5B2-4CC0-A341-5F90D954E1BC}.Release|Any CPU.ActiveCfg = Release|Any CPU
		{7872BA89-B5B2-4CC0-A341-5F90D954E1BC}.Release|Any CPU.Build.0 = Release|Any CPU
		{64DA6648-46B4-43D0-B206-2CD5E53C91DD}.Debug|Any CPU.ActiveCfg = Debug|Any CPU
		{64DA6648-46B4-43D0-B206-2CD5E53C91DD}.Debug|Any CPU.Build.0 = Debug|Any CPU
		{64DA6648-46B4-43D0-B206-2CD5E53C91DD}.Release|Any CPU.ActiveCfg = Release|Any CPU
		{64DA6648-46B4-43D0-B206-2CD5E53C91DD}.Release|Any CPU.Build.0 = Release|Any CPU
	EndGlobalSection
	GlobalSection(SolutionProperties) = preSolution
		HideSolutionNode = FALSE
	EndGlobalSection
	GlobalSection(ExtensibilityGlobals) = postSolution
		SolutionGuid = {6321850C-7B39-48EF-8004-E47405B5EE5D}
	EndGlobalSection
EndGlobal
